
Microsoft Visual Studio Solution File, Format Version 12.00
# Visual Studio 15
VisualStudioVersion = 15.0.26124.0
MinimumVisualStudioVersion = 15.0.26124.0
Project("{FAE04EC0-301F-11D3-BF4B-00C04F79EFBC}") = "ImageGo.AspNetCore", "src\ImageGo.AspNetCore.csproj", "{4B1B3137-16C0-4B84-B064-C8BD7141679F}"
EndProject
Project("{2150E333-8FDC-42A3-9474-1A3956D46DE8}") = "Samples", "Samples", "{C9992F70-A22B-42E7-AD7E-04913E476934}"
EndProject
Project("{FAE04EC0-301F-11D3-BF4B-00C04F79EFBC}") = "ImageServer", "Samples\ImageServer\ImageServer.csproj", "{1255E953-B152-4369-862C-3425A5BE310D}"
EndProject
Global
	GlobalSection(SolutionConfigurationPlatforms) = preSolution
		Debug|Any CPU = Debug|Any CPU
		Debug|x64 = Debug|x64
		Debug|x86 = Debug|x86
		Release|Any CPU = Release|Any CPU
		Release|x64 = Release|x64
		Release|x86 = Release|x86
	EndGlobalSection
	GlobalSection(SolutionProperties) = preSolution
		HideSolutionNode = FALSE
	EndGlobalSection
	GlobalSection(ProjectConfigurationPlatforms) = postSolution
		{4B1B3137-16C0-4B84-B064-C8BD7141679F}.Debug|Any CPU.ActiveCfg = Debug|Any CPU
		{4B1B3137-16C0-4B84-B064-C8BD7141679F}.Debug|Any CPU.Build.0 = Debug|Any CPU
		{4B1B3137-16C0-4B84-B064-C8BD7141679F}.Debug|x64.ActiveCfg = Debug|Any CPU
		{4B1B3137-16C0-4B84-B064-C8BD7141679F}.Debug|x64.Build.0 = Debug|Any CPU
		{4B1B3137-16C0-4B84-B064-C8BD7141679F}.Debug|x86.ActiveCfg = Debug|Any CPU
		{4B1B3137-16C0-4B84-B064-C8BD7141679F}.Debug|x86.Build.0 = Debug|Any CPU
		{4B1B3137-16C0-4B84-B064-C8BD7141679F}.Release|Any CPU.ActiveCfg = Release|Any CPU
		{4B1B3137-16C0-4B84-B064-C8BD7141679F}.Release|Any CPU.Build.0 = Release|Any CPU
		{4B1B3137-16C0-4B84-B064-C8BD7141679F}.Release|x64.ActiveCfg = Release|Any CPU
		{4B1B3137-16C0-4B84-B064-C8BD7141679F}.Release|x64.Build.0 = Release|Any CPU
		{4B1B3137-16C0-4B84-B064-C8BD7141679F}.Release|x86.ActiveCfg = Release|Any CPU
		{4B1B3137-16C0-4B84-B064-C8BD7141679F}.Release|x86.Build.0 = Release|Any CPU
		{1255E953-B152-4369-862C-3425A5BE310D}.Debug|Any CPU.ActiveCfg = Debug|Any CPU
		{1255E953-B152-4369-862C-3425A5BE310D}.Debug|Any CPU.Build.0 = Debug|Any CPU
		{1255E953-B152-4369-862C-3425A5BE310D}.Debug|x64.ActiveCfg = Debug|Any CPU
		{1255E953-B152-4369-862C-3425A5BE310D}.Debug|x64.Build.0 = Debug|Any CPU
		{1255E953-B152-4369-862C-3425A5BE310D}.Debug|x86.ActiveCfg = Debug|Any CPU
		{1255E953-B152-4369-862C-3425A5BE310D}.Debug|x86.Build.0 = Debug|Any CPU
		{1255E953-B152-4369-862C-3425A5BE310D}.Release|Any CPU.ActiveCfg = Release|Any CPU
		{1255E953-B152-4369-862C-3425A5BE310D}.Release|Any CPU.Build.0 = Release|Any CPU
		{1255E953-B152-4369-862C-3425A5BE310D}.Release|x64.ActiveCfg = Release|Any CPU
		{1255E953-B152-4369-862C-3425A5BE310D}.Release|x64.Build.0 = Release|Any CPU
		{1255E953-B152-4369-862C-3425A5BE310D}.Release|x86.ActiveCfg = Release|Any CPU
		{1255E953-B152-4369-862C-3425A5BE310D}.Release|x86.Build.0 = Release|Any CPU
	EndGlobalSection
	GlobalSection(NestedProjects) = preSolution
		{1255E953-B152-4369-862C-3425A5BE310D} = {C9992F70-A22B-42E7-AD7E-04913E476934}
	EndGlobalSection
EndGlobal
